
Microsoft Visual Studio Solution File, Format Version 12.00
# Visual Studio 14
VisualStudioVersion = 14.0.25420.1
MinimumVisualStudioVersion = 10.0.40219.1
Project("{FAE04EC0-301F-11D3-BF4B-00C04F79EFBC}") = "AAK", "AAK\AAK.csproj", "{498CF5F9-EE2F-4E25-A397-0ACA46B857A9}"
EndProject
Project("{159641D6-6404-4A2A-AE62-294DE0FE8301}") = "Access2SQL", "Access2SQL\Access2SQL.dtproj", "{C09DFE53-5C19-4E8B-8C9D-412E087ADDCD}"
EndProject
Project("{FAE04EC0-301F-11D3-BF4B-00C04F79EFBC}") = "WordTemplateEngine", "WordTemplateEngine\WordTemplateEngine.csproj", "{9B46968B-E03B-452B-8A03-D245345B9A17}"
EndProject
Project("{FAE04EC0-301F-11D3-BF4B-00C04F79EFBC}") = "ExporterUtility", "ExporterUtility\ExporterUtility.csproj", "{B555B420-4E97-4D65-B5E2-F8A9C9FD12C7}"
EndProject
Project("{FAE04EC0-301F-11D3-BF4B-00C04F79EFBC}") = "GoogleDriveIntegration", "GoogleDriveIntegration\GoogleDriveIntegration.csproj", "{3BDB7B75-56F7-437D-96E8-CA7C17E64D94}"
EndProject
Project("{FAE04EC0-301F-11D3-BF4B-00C04F79EFBC}") = "GoogleCalendarIntegration", "GoogleCalendarIntegration\GoogleCalendarIntegration.csproj", "{C4EFD98D-1CEA-4D4E-91E4-BE7D0A9B710D}"
EndProject
Project("{FAE04EC0-301F-11D3-BF4B-00C04F79EFBC}") = "GetGoogleDocIds", "GetGoogleDocIds\GetGoogleDocIds.csproj", "{A79CD4AC-E0B4-41A3-880B-066E703B00DF}"
EndProject
Global
	GlobalSection(SolutionConfigurationPlatforms) = preSolution
		Debug|Any CPU = Debug|Any CPU
		Development|Any CPU = Development|Any CPU
		Release|Any CPU = Release|Any CPU
	EndGlobalSection
	GlobalSection(ProjectConfigurationPlatforms) = postSolution
		{498CF5F9-EE2F-4E25-A397-0ACA46B857A9}.Debug|Any CPU.ActiveCfg = Debug|Any CPU
		{498CF5F9-EE2F-4E25-A397-0ACA46B857A9}.Debug|Any CPU.Build.0 = Debug|Any CPU
		{498CF5F9-EE2F-4E25-A397-0ACA46B857A9}.Development|Any CPU.ActiveCfg = Debug|Any CPU
		{498CF5F9-EE2F-4E25-A397-0ACA46B857A9}.Development|Any CPU.Build.0 = Debug|Any CPU
		{498CF5F9-EE2F-4E25-A397-0ACA46B857A9}.Release|Any CPU.ActiveCfg = Release|Any CPU
		{498CF5F9-EE2F-4E25-A397-0ACA46B857A9}.Release|Any CPU.Build.0 = Release|Any CPU
		{C09DFE53-5C19-4E8B-8C9D-412E087ADDCD}.Debug|Any CPU.ActiveCfg = Development
		{C09DFE53-5C19-4E8B-8C9D-412E087ADDCD}.Debug|Any CPU.Build.0 = Development
		{C09DFE53-5C19-4E8B-8C9D-412E087ADDCD}.Development|Any CPU.ActiveCfg = Development
		{C09DFE53-5C19-4E8B-8C9D-412E087ADDCD}.Development|Any CPU.Build.0 = Development
		{C09DFE53-5C19-4E8B-8C9D-412E087ADDCD}.Release|Any CPU.ActiveCfg = Development
		{C09DFE53-5C19-4E8B-8C9D-412E087ADDCD}.Release|Any CPU.Build.0 = Development
		{9B46968B-E03B-452B-8A03-D245345B9A17}.Debug|Any CPU.ActiveCfg = Debug|Any CPU
		{9B46968B-E03B-452B-8A03-D245345B9A17}.Debug|Any CPU.Build.0 = Debug|Any CPU
		{9B46968B-E03B-452B-8A03-D245345B9A17}.Development|Any CPU.ActiveCfg = Debug|Any CPU
		{9B46968B-E03B-452B-8A03-D245345B9A17}.Development|Any CPU.Build.0 = Debug|Any CPU
		{9B46968B-E03B-452B-8A03-D245345B9A17}.Release|Any CPU.ActiveCfg = Release|Any CPU
		{9B46968B-E03B-452B-8A03-D245345B9A17}.Release|Any CPU.Build.0 = Release|Any CPU
		{B555B420-4E97-4D65-B5E2-F8A9C9FD12C7}.Debug|Any CPU.ActiveCfg = Debug|Any CPU
		{B555B420-4E97-4D65-B5E2-F8A9C9FD12C7}.Debug|Any CPU.Build.0 = Debug|Any CPU
		{B555B420-4E97-4D65-B5E2-F8A9C9FD12C7}.Development|Any CPU.ActiveCfg = Debug|Any CPU
		{B555B420-4E97-4D65-B5E2-F8A9C9FD12C7}.Development|Any CPU.Build.0 = Debug|Any CPU
		{B555B420-4E97-4D65-B5E2-F8A9C9FD12C7}.Release|Any CPU.ActiveCfg = Release|Any CPU
		{B555B420-4E97-4D65-B5E2-F8A9C9FD12C7}.Release|Any CPU.Build.0 = Release|Any CPU
		{3BDB7B75-56F7-437D-96E8-CA7C17E64D94}.Debug|Any CPU.ActiveCfg = Debug|Any CPU
		{3BDB7B75-56F7-437D-96E8-CA7C17E64D94}.Debug|Any CPU.Build.0 = Debug|Any CPU
		{3BDB7B75-56F7-437D-96E8-CA7C17E64D94}.Development|Any CPU.ActiveCfg = Debug|Any CPU
		{3BDB7B75-56F7-437D-96E8-CA7C17E64D94}.Development|Any CPU.Build.0 = Debug|Any CPU
		{3BDB7B75-56F7-437D-96E8-CA7C17E64D94}.Release|Any CPU.ActiveCfg = Release|Any CPU
		{3BDB7B75-56F7-437D-96E8-CA7C17E64D94}.Release|Any CPU.Build.0 = Release|Any CPU
		{C4EFD98D-1CEA-4D4E-91E4-BE7D0A9B710D}.Debug|Any CPU.ActiveCfg = Debug|Any CPU
		{C4EFD98D-1CEA-4D4E-91E4-BE7D0A9B710D}.Debug|Any CPU.Build.0 = Debug|Any CPU
		{C4EFD98D-1CEA-4D4E-91E4-BE7D0A9B710D}.Development|Any CPU.ActiveCfg = Debug|Any CPU
		{C4EFD98D-1CEA-4D4E-91E4-BE7D0A9B710D}.Development|Any CPU.Build.0 = Debug|Any CPU
		{C4EFD98D-1CEA-4D4E-91E4-BE7D0A9B710D}.Release|Any CPU.ActiveCfg = Release|Any CPU
		{C4EFD98D-1CEA-4D4E-91E4-BE7D0A9B710D}.Release|Any CPU.Build.0 = Release|Any CPU
		{A79CD4AC-E0B4-41A3-880B-066E703B00DF}.Debug|Any CPU.ActiveCfg = Debug|Any CPU
		{A79CD4AC-E0B4-41A3-880B-066E703B00DF}.Debug|Any CPU.Build.0 = Debug|Any CPU
		{A79CD4AC-E0B4-41A3-880B-066E703B00DF}.Development|Any CPU.ActiveCfg = Debug|Any CPU
		{A79CD4AC-E0B4-41A3-880B-066E703B00DF}.Development|Any CPU.Build.0 = Debug|Any CPU
		{A79CD4AC-E0B4-41A3-880B-066E703B00DF}.Release|Any CPU.ActiveCfg = Release|Any CPU
		{A79CD4AC-E0B4-41A3-880B-066E703B00DF}.Release|Any CPU.Build.0 = Release|Any CPU
	EndGlobalSection
	GlobalSection(SolutionProperties) = preSolution
		HideSolutionNode = FALSE
	EndGlobalSection
EndGlobal
